{
  "requires": true,
  "lockfileVersion": 1,
  "dependencies": {
    "@fortawesome/fontawesome-free": {
      "version": "5.13.1",
      "resolved": "https://registry.npmjs.org/@fortawesome/fontawesome-free/-/fontawesome-free-5.13.1.tgz",
      "integrity": "sha512-D819f34FLHeBN/4xvw0HR0u7U2G7RqjPSggXqf7LktsxWQ48VAfGwvMrhcVuaZV2fF069c/619RdgCCms0DHhw=="
    },
    "bootstrap": {
      "version": "4.5.0",
      "resolved": "https://registry.npmjs.org/bootstrap/-/bootstrap-4.5.0.tgz",
      "integrity": "sha512-Z93QoXvodoVslA+PWNdk23Hze4RBYIkpb5h8I2HY2Tu2h7A0LpAgLcyrhrSUyo2/Oxm2l1fRZPs1e5hnxnliXA=="
    },
    "errno": {
      "version": "0.1.7",
      "resolved": "https://registry.npmjs.org/errno/-/errno-0.1.7.tgz",
      "integrity": "sha512-MfrRBDWzIWifgq6tJj60gkAwtLNb6sQPlcFrSOflcP1aFmmruKQ2wRnze/8V6kgyz7H3FF8Npzv78mZ7XLLflg==",
      "optional": true,
      "requires": {
        "prr": "~1.0.1"
      }
    },
    "graceful-fs": {
      "version": "4.2.4",
      "resolved": "https://registry.npmjs.org/graceful-fs/-/graceful-fs-4.2.4.tgz",
      "integrity": "sha512-WjKPNJF79dtJAVniUlGGWHYGz2jWxT6VhN/4m1NdkbZ2nOsEF+cI1Edgql5zCRhs/VsQYRvrXctxktVXZUkixw==",
      "optional": true
    },
    "image-size": {
      "version": "0.5.5",
      "resolved": "https://registry.npmjs.org/image-size/-/image-size-0.5.5.tgz",
      "integrity": "sha1-Cd/Uq50g4p6xw+gLiZA3jfnjy5w=",
      "optional": true
    },
    "jquery": {
      "version": "3.5.1",
      "resolved": "https://registry.npmjs.org/jquery/-/jquery-3.5.1.tgz",
      "integrity": "sha512-XwIBPqcMn57FxfT+Go5pzySnm4KWkT1Tv7gjrpT1srtf8Weynl6R273VJ5GjkRb51IzMp5nbaPjJXMWeju2MKg=="
    },
    "jquery.easing": {
      "version": "1.4.1",
      "resolved": "https://registry.npmjs.org/jquery.easing/-/jquery.easing-1.4.1.tgz",
      "integrity": "sha1-R5gsWDa9dY/UhJSSPEoQHvbpPjs="
    },
    "less": {
      "version": "3.12.2",
      "resolved": "https://registry.npmjs.org/less/-/less-3.12.2.tgz",
      "integrity": "sha512-+1V2PCMFkL+OIj2/HrtrvZw0BC0sYLMICJfbQjuj/K8CEnlrFX6R5cKKgzzttsZDHyxQNL1jqMREjKN3ja/E3Q==",
      "requires": {
        "errno": "^0.1.1",
        "graceful-fs": "^4.1.2",
        "image-size": "~0.5.0",
        "make-dir": "^2.1.0",
        "mime": "^1.4.1",
        "native-request": "^1.0.5",
        "source-map": "~0.6.0",
        "tslib": "^1.10.0"
      }
    },
    "make-dir": {
      "version": "2.1.0",
      "resolved": "https://registry.npmjs.org/make-dir/-/make-dir-2.1.0.tgz",
      "integrity": "sha512-LS9X+dc8KLxXCb8dni79fLIIUA5VyZoyjSMCwTluaXA0o27cCK0bhXkpgw+sTXVpPy/lSO57ilRixqk0vDmtRA==",
      "optional": true,
      "requires": {
        "pify": "^4.0.1",
        "semver": "^5.6.0"
      }
    },
    "mime": {
      "version": "1.6.0",
      "resolved": "https://registry.npmjs.org/mime/-/mime-1.6.0.tgz",
      "integrity": "sha512-x0Vn8spI+wuJ1O6S7gnbaQg8Pxh4NNHb7KSINmEWKiPE4RKOplvijn+NkmYmmRgP68mc70j2EbeTFRsrswaQeg==",
      "optional": true
    },
    "native-request": {
      "version": "1.0.7",
      "resolved": "https://registry.npmjs.org/native-request/-/native-request-1.0.7.tgz",
      "integrity": "sha512-9nRjinI9bmz+S7dgNtf4A70+/vPhnd+2krGpy4SUlADuOuSa24IDkNaZ+R/QT1wQ6S8jBdi6wE7fLekFZNfUpQ==",
      "optional": true
    },
    "pify": {
      "version": "4.0.1",
      "resolved": "https://registry.npmjs.org/pify/-/pify-4.0.1.tgz",
      "integrity": "sha512-uB80kBFb/tfd68bVleG9T5GGsGPjJrLAUpR5PZIrhBnIaRTQRjqdJSsIKkOP6OAIFbj7GOrcudc5pNjZ+geV2g==",
      "optional": true
    },
    "prr": {
      "version": "1.0.1",
      "resolved": "https://registry.npmjs.org/prr/-/prr-1.0.1.tgz",
      "integrity": "sha1-0/wRS6BplaRexok/SEzrHXj19HY=",
      "optional": true
    },
    "semver": {
      "version": "5.7.1",
      "resolved": "https://registry.npmjs.org/semver/-/semver-5.7.1.tgz",
      "integrity": "sha512-sauaDf/PZdVgrLTNYHRtpXa1iRiKcaebiKQ1BJdpQlWH2lCvexQdX55snPFyK7QzpudqbCI0qXFfOasHdyNDGQ==",
      "optional": true
    },
    "simple-line-icons": {
      "version": "2.5.5",
      "resolved": "https://registry.npmjs.org/simple-line-icons/-/simple-line-icons-2.5.5.tgz",
      "integrity": "sha512-v52iGG/qFZTSD/70yOfA1lYoN6zmjEfDjzFT6U6jNSCsh/aeVjy+8sYyTXWz1w7tLIkN2XeMmG+cLJp/0zYK4Q==",
      "requires": {
        "less": "^3.12.2"
      }
    },
    "source-map": {
      "version": "0.6.1",
      "resolved": "https://registry.npmjs.org/source-map/-/source-map-0.6.1.tgz",
      "integrity": "sha512-UjgapumWlbMhkBgzT7Ykc5YXUT46F0iKu8SGXq0bcwP5dz/h0Plj6enJqjz1Zbq2l5WaqYnrVbwWOWMyF3F47g==",
      "optional": true
    },
    "startbootstrap-stylish-portfolio": {
      "version": "5.0.8",
      "resolved": "https://registry.npmjs.org/startbootstrap-stylish-portfolio/-/startbootstrap-stylish-portfolio-5.0.8.tgz",
      "integrity": "sha512-qXcoSb/pjskrcKhqmX7yw2qxOhhVU83Ms99QH3KYbeS8UWT4stYFyeydOLnGFroJeJtRGI/iqREqFrgPCLk9Iw==",
      "requires": {
        "@fortawesome/fontawesome-free": "5.13.1",
        "bootstrap": "4.5.0",
        "jquery": "^3.5.1",
        "jquery.easing": "^1.4.1",
        "simple-line-icons": "^2.4.1"
      }
    },
    "tslib": {
      "version": "1.14.1",
      "resolved": "https://registry.npmjs.org/tslib/-/tslib-1.14.1.tgz",
      "integrity": "sha512-Xni35NKzjgMrwevysHTCArtLDpPvye8zV/0E4EyYn43P7/7qvQwPh9BGkHewbMulVntbigmcT7rdX3BNo9wRJg=="
    }
  }
}
